# This file is automatically @generated by Cargo.
# It is not intended for manual editing.
version = 4

[[package]]
name = "keyvo-cli"
version = "0.0.0"
dependencies = [
 "keyvo-core",
]

[[package]]
name = "keyvo-core"
version = "0.0.0"

[[package]]
name = "keyvo-daemon"
version = "0.0.0"
dependencies = [
 "keyvo-core",
]

[[package]]
name = "keyvo-hid"
version = "0.0.0"
